
Microsoft Visual Studio Solution File, Format Version 12.00
# Visual Studio Version 16
VisualStudioVersion = 16.0.30320.27
MinimumVisualStudioVersion = 10.0.40219.1
Project("{2150E333-8FDC-42A3-9474-1A3956D46DE8}") = "src", "src", "{511C3EBC-2259-4B4E-B078-8F8B19181589}"
EndProject
Project("{2150E333-8FDC-42A3-9474-1A3956D46DE8}") = "Tests", "Tests", "{9B5C785A-EFBB-4412-B837-E5C3173F5A07}"
EndProject
Project("{9A19103F-16F7-4668-BE54-9A1E7A4F7556}") = "EWalletApi", "EWalletApi\EWalletApi.csproj", "{F559EBF0-04D9-4870-B43F-0F199C074C97}"
EndProject
Project("{9A19103F-16F7-4668-BE54-9A1E7A4F7556}") = "EWallet.Domain", "EWallet.Domain\EWallet.Domain.csproj", "{1ABC1DF1-44BC-4AD8-862F-A768364212FB}"
EndProject
Project("{9A19103F-16F7-4668-BE54-9A1E7A4F7556}") = "EWallet.ApplicationCore", "EWallet.ApplicationCore\EWallet.ApplicationCore.csproj", "{6AB541AA-B0DA-4187-8355-694086D0AC5D}"
EndProject
Project("{FAE04EC0-301F-11D3-BF4B-00C04F79EFBC}") = "EWallet.Persistence", "EWallet.Persistence\EWallet.Persistence.csproj", "{7836D7AA-2F57-4197-948A-F8AB5C251796}"
EndProject
Global
	GlobalSection(SolutionConfigurationPlatforms) = preSolution
		Debug|Any CPU = Debug|Any CPU
		Release|Any CPU = Release|Any CPU
	EndGlobalSection
	GlobalSection(ProjectConfigurationPlatforms) = postSolution
		{F559EBF0-04D9-4870-B43F-0F199C074C97}.Debug|Any CPU.ActiveCfg = Debug|Any CPU
		{F559EBF0-04D9-4870-B43F-0F199C074C97}.Debug|Any CPU.Build.0 = Debug|Any CPU
		{F559EBF0-04D9-4870-B43F-0F199C074C97}.Release|Any CPU.ActiveCfg = Release|Any CPU
		{F559EBF0-04D9-4870-B43F-0F199C074C97}.Release|Any CPU.Build.0 = Release|Any CPU
		{1ABC1DF1-44BC-4AD8-862F-A768364212FB}.Debug|Any CPU.ActiveCfg = Debug|Any CPU
		{1ABC1DF1-44BC-4AD8-862F-A768364212FB}.Debug|Any CPU.Build.0 = Debug|Any CPU
		{1ABC1DF1-44BC-4AD8-862F-A768364212FB}.Release|Any CPU.ActiveCfg = Release|Any CPU
		{1ABC1DF1-44BC-4AD8-862F-A768364212FB}.Release|Any CPU.Build.0 = Release|Any CPU
		{6AB541AA-B0DA-4187-8355-694086D0AC5D}.Debug|Any CPU.ActiveCfg = Debug|Any CPU
		{6AB541AA-B0DA-4187-8355-694086D0AC5D}.Debug|Any CPU.Build.0 = Debug|Any CPU
		{6AB541AA-B0DA-4187-8355-694086D0AC5D}.Release|Any CPU.ActiveCfg = Release|Any CPU
		{6AB541AA-B0DA-4187-8355-694086D0AC5D}.Release|Any CPU.Build.0 = Release|Any CPU
		{7836D7AA-2F57-4197-948A-F8AB5C251796}.Debug|Any CPU.ActiveCfg = Debug|Any CPU
		{7836D7AA-2F57-4197-948A-F8AB5C251796}.Debug|Any CPU.Build.0 = Debug|Any CPU
		{7836D7AA-2F57-4197-948A-F8AB5C251796}.Release|Any CPU.ActiveCfg = Release|Any CPU
		{7836D7AA-2F57-4197-948A-F8AB5C251796}.Release|Any CPU.Build.0 = Release|Any CPU
	EndGlobalSection
	GlobalSection(SolutionProperties) = preSolution
		HideSolutionNode = FALSE
	EndGlobalSection
	GlobalSection(NestedProjects) = preSolution
		{F559EBF0-04D9-4870-B43F-0F199C074C97} = {511C3EBC-2259-4B4E-B078-8F8B19181589}
		{1ABC1DF1-44BC-4AD8-862F-A768364212FB} = {511C3EBC-2259-4B4E-B078-8F8B19181589}
		{6AB541AA-B0DA-4187-8355-694086D0AC5D} = {511C3EBC-2259-4B4E-B078-8F8B19181589}
		{7836D7AA-2F57-4197-948A-F8AB5C251796} = {511C3EBC-2259-4B4E-B078-8F8B19181589}
	EndGlobalSection
	GlobalSection(ExtensibilityGlobals) = postSolution
		SolutionGuid = {F9C85E56-9EA9-476D-9BE6-3EDA595106BF}
	EndGlobalSection
EndGlobal
